<?xml version="1.0" encoding="utf-8"?>
<Project ToolsVersion="4.0" xmlns="http://schemas.microsoft.com/developer/msbuild/2003">
  <ItemGroup>
    <Filter Include="Source Files">
      <UniqueIdentifier>{4FC737F1-C7A5-4376-A066-2A32D752A2FF}</UniqueIdentifier>
      <Extensions>cpp;c;cc;cxx;def;odl;idl;hpj;bat;asm;asmx</Extensions>
    </Filter>
    <Filter Include="Header Files">
      <UniqueIdentifier>{93995380-89BD-4b04-88EB-625FBE52EBFB}</UniqueIdentifier>
      <Extensions>h;hh;hpp;hxx;hm;inl;inc;xsd</Extensions>
    </Filter>
    <Filter Include="Resource Files">
      <UniqueIdentifier>{67DA6AB6-F800-4c08-8B7A-83BB121AAD01}</UniqueIdentifier>
      <Extensions>rc;ico;cur;bmp;dlg;rc2;rct;bin;rgs;gif;jpg;jpeg;jpe;resx;tiff;tif;png;wav;mfcribbon-ms</Extensions>
    </Filter>
    <Filter Include="Source Files\shaders">
      <UniqueIdentifier>{8eefbb60-ce65-4647-a442-d7fe29b066a0}</UniqueIdentifier>
    </Filter>
    <Filter Include="Source Files\shaders\lighting">
      <UniqueIdentifier>{dc012836-8dbb-43e7-a065-8b3804146cdd}</UniqueIdentifier>
    </Filter>
    <Filter Include="Source Files\shaders\geometry">
      <UniqueIdentifier>{2c32b6a3-b3c8-47bc-b2c0-dae020595c4b}</UniqueIdentifier>
    </Filter>
    <Filter Include="Source Files\shaders\spir-v">
      <UniqueIdentifier>{5f07ff33-773e-4092-8c43-50798c84c78f}</UniqueIdentifier>
    </Filter>
    <Filter Include="Source Files\shaders\shadow">
      <UniqueIdentifier>{39c2f932-79bd-4900-be3b-3b8fe9c2722b}</UniqueIdentifier>
    </Filter>
    <Filter Include="Source Files\shaders\ssao-main">
      <UniqueIdentifier>{59df3a93-bebd-4eac-b85f-46e8fed7d8f4}</UniqueIdentifier>
    </Filter>
    <Filter Include="Source Files\shaders\ssao-blur">
      <UniqueIdentifier>{8376d306-08de-416b-b24c-abc876f98a59}</UniqueIdentifier>
    </Filter>
    <Filter Include="Source Files\shaders\subsurf">
      <UniqueIdentifier>{0643c9f6-7d0f-4355-a37a-0e38b110a9cb}</UniqueIdentifier>
    </Filter>
    <Filter Include="Source Files\shaders\merge">
      <UniqueIdentifier>{94d100d5-3c85-4364-8d6b-3dc7475c410e}</UniqueIdentifier>
    </Filter>
  </ItemGroup>
  <ItemGroup>
    <ClCompile Include="Main.cpp">
      <Filter>Source Files</Filter>
    </ClCompile>
    <ClCompile Include="Camera.cpp">
      <Filter>Source Files</Filter>
    </ClCompile>
    <ClCompile Include="Scene.cpp">
      <Filter>Source Files</Filter>
    </ClCompile>
    <ClCompile Include="Texture.cpp">
      <Filter>Source Files</Filter>
    </ClCompile>
    <ClCompile Include="GBuffer.cpp">
      <Filter>Source Files</Filter>
    </ClCompile>
    <ClCompile Include="VkEngine.cpp">
      <Filter>Source Files</Filter>
    </ClCompile>
    <ClCompile Include="VkPool.cpp">
      <Filter>Source Files</Filter>
    </ClCompile>
    <ClCompile Include="Pass.cpp">
      <Filter>Source Files</Filter>
    </ClCompile>
    <ClCompile Include="Quad.cpp">
      <Filter>Source Files</Filter>
    </ClCompile>
    <ClCompile Include="ShadowPass.cpp">
      <Filter>Source Files</Filter>
    </ClCompile>
    <ClCompile Include="GfxPipeline.cpp">
      <Filter>Source Files</Filter>
    </ClCompile>
    <ClCompile Include="LightingPass.cpp">
      <Filter>Source Files</Filter>
    </ClCompile>
    <ClCompile Include="GeometryPass.cpp">
      <Filter>Source Files</Filter>
    </ClCompile>
    <ClCompile Include="Mesh.cpp">
      <Filter>Source Files</Filter>
    </ClCompile>
    <ClCompile Include="SSAOPass.cpp">
      <Filter>Source Files</Filter>
    </ClCompile>
    <ClCompile Include="SubsurfPass.cpp">
      <Filter>Source Files</Filter>
    </ClCompile>
    <ClCompile Include="MergePass.cpp">
      <Filter>Source Files</Filter>
    </ClCompile>
  </ItemGroup>
  <ItemGroup>
    <ClInclude Include="VkUtils.h">
      <Filter>Header Files</Filter>
    </ClInclude>
    <ClInclude Include="Camera.h">
      <Filter>Header Files</Filter>
    </ClInclude>
    <ClInclude Include="Config.h">
      <Filter>Header Files</Filter>
    </ClInclude>
    <ClInclude Include="GBuffer.h">
      <Filter>Header Files</Filter>
    </ClInclude>
    <ClInclude Include="ShadowPass.h">
      <Filter>Header Files</Filter>
    </ClInclude>
    <ClInclude Include="MathUtils.h">
      <Filter>Header Files</Filter>
    </ClInclude>
    <ClInclude Include="Scene.h">
      <Filter>Header Files</Filter>
    </ClInclude>
    <ClInclude Include="Texture.h">
      <Filter>Header Files</Filter>
    </ClInclude>
    <ClInclude Include="VkEngine.h">
      <Filter>Header Files</Filter>
    </ClInclude>
    <ClInclude Include="Vertex.h">
      <Filter>Header Files</Filter>
    </ClInclude>
    <ClInclude Include="VkPool.h">
      <Filter>Header Files</Filter>
    </ClInclude>
    <ClInclude Include="Pass.h">
      <Filter>Header Files</Filter>
    </ClInclude>
    <ClInclude Include="Quad.h">
      <Filter>Header Files</Filter>
    </ClInclude>
    <ClInclude Include="GfxPipeline.h">
      <Filter>Header Files</Filter>
    </ClInclude>
    <ClInclude Include="LightingPass.h">
      <Filter>Header Files</Filter>
    </ClInclude>
    <ClInclude Include="GeometryPass.h">
      <Filter>Header Files</Filter>
    </ClInclude>
    <ClInclude Include="Light.h">
      <Filter>Header Files</Filter>
    </ClInclude>
    <ClInclude Include="Material.h">
      <Filter>Header Files</Filter>
    </ClInclude>
    <ClInclude Include="Mesh.h">
      <Filter>Header Files</Filter>
    </ClInclude>
    <ClInclude Include="Frame.h">
      <Filter>Header Files</Filter>
    </ClInclude>
    <ClInclude Include="SSAOPass.h">
      <Filter>Header Files</Filter>
    </ClInclude>
    <ClInclude Include="SubsurfPass.h">
      <Filter>Header Files</Filter>
    </ClInclude>
    <ClInclude Include="MergePass.h">
      <Filter>Header Files</Filter>
    </ClInclude>
  </ItemGroup>
  <ItemGroup>
    <None Include="shaders\lighting\shader.frag">
      <Filter>Source Files\shaders\lighting</Filter>
    </None>
    <None Include="shaders\lighting\shader.vert">
      <Filter>Source Files\shaders\lighting</Filter>
    </None>
    <None Include="shaders\geometry\shader.frag">
      <Filter>Source Files\shaders\geometry</Filter>
    </None>
    <None Include="shaders\geometry\shader.vert">
      <Filter>Source Files\shaders\geometry</Filter>
    </None>
    <None Include="compile_shaders.bat">
      <Filter>Source Files\shaders\spir-v</Filter>
    </None>
    <None Include="shaders\shadow\shader.frag">
      <Filter>Source Files\shaders\shadow</Filter>
    </None>
    <None Include="shaders\shadow\shader.vert">
      <Filter>Source Files\shaders\shadow</Filter>
    </None>
    <None Include="shaders\ssao-main\shader.vert">
      <Filter>Source Files\shaders\ssao-main</Filter>
    </None>
    <None Include="shaders\ssao-main\shader.frag">
      <Filter>Source Files\shaders\ssao-main</Filter>
    </None>
    <None Include="shaders\ssao-blur\shader.vert">
      <Filter>Source Files\shaders\ssao-blur</Filter>
    </None>
    <None Include="shaders\ssao-blur\shader.frag">
      <Filter>Source Files\shaders\ssao-blur</Filter>
    </None>
    <None Include="shaders\subsurf\shader.vert">
      <Filter>Source Files\shaders\subsurf</Filter>
    </None>
    <None Include="shaders\subsurf\shader.frag">
      <Filter>Source Files\shaders\subsurf</Filter>
    </None>
    <None Include="shaders\merge\shader.frag">
      <Filter>Source Files\shaders\merge</Filter>
    </None>
    <None Include="shaders\merge\shader.vert">
      <Filter>Source Files\shaders\merge</Filter>
    </None>
  </ItemGroup>
</Project>