<?xml version="1.0" encoding="utf-8"?>
<Project ToolsVersion="4.0" xmlns="http://schemas.microsoft.com/developer/msbuild/2003">
  <ItemGroup>
    <Filter Include="Source Files">
      <UniqueIdentifier>{4FC737F1-C7A5-4376-A066-2A32D752A2FF}</UniqueIdentifier>
      <Extensions>cpp;c;cc;cxx;def;odl;idl;hpj;bat;asm;asmx</Extensions>
    </Filter>
    <Filter Include="Header Files">
      <UniqueIdentifier>{93995380-89BD-4b04-88EB-625FBE52EBFB}</UniqueIdentifier>
      <Extensions>h;hh;hpp;hxx;hm;inl;inc;xsd</Extensions>
    </Filter>
    <Filter Include="Resource Files">
      <UniqueIdentifier>{67DA6AB6-F800-4c08-8B7A-83BB121AAD01}</UniqueIdentifier>
      <Extensions>rc;ico;cur;bmp;dlg;rc2;rct;bin;rgs;gif;jpg;jpeg;jpe;resx;tiff;tif;png;wav;mfcribbon-ms</Extensions>
    </Filter>
    <Filter Include="Source Files\shaders">
      <UniqueIdentifier>{8eefbb60-ce65-4647-a442-d7fe29b066a0}</UniqueIdentifier>
    </Filter>
    <Filter Include="SPIR-V">
      <UniqueIdentifier>{c4ea512d-24bf-41a7-a79a-312de14f9356}</UniqueIdentifier>
    </Filter>
    <Filter Include="Source Files\shaders\lighting">
      <UniqueIdentifier>{dc012836-8dbb-43e7-a065-8b3804146cdd}</UniqueIdentifier>
    </Filter>
    <Filter Include="Source Files\shaders\geometry">
      <UniqueIdentifier>{2c32b6a3-b3c8-47bc-b2c0-dae020595c4b}</UniqueIdentifier>
    </Filter>
  </ItemGroup>
  <ItemGroup>
    <ClCompile Include="Main.cpp">
      <Filter>Source Files</Filter>
    </ClCompile>
    <ClCompile Include="Camera.cpp">
      <Filter>Source Files</Filter>
    </ClCompile>
    <ClCompile Include="Scene.cpp">
      <Filter>Source Files</Filter>
    </ClCompile>
    <ClCompile Include="Texture.cpp">
      <Filter>Source Files</Filter>
    </ClCompile>
    <ClCompile Include="GBuffer.cpp">
      <Filter>Source Files</Filter>
    </ClCompile>
    <ClCompile Include="VkEngine.cpp">
      <Filter>Source Files</Filter>
    </ClCompile>
    <ClCompile Include="VkPool.cpp">
      <Filter>Source Files</Filter>
    </ClCompile>
    <ClCompile Include="Pass.cpp">
      <Filter>Source Files</Filter>
    </ClCompile>
    <ClCompile Include="Quad.cpp">
      <Filter>Source Files</Filter>
    </ClCompile>
    <ClCompile Include="ShadowPass.cpp">
      <Filter>Source Files</Filter>
    </ClCompile>
    <ClCompile Include="GfxPipeline.cpp">
      <Filter>Source Files</Filter>
    </ClCompile>
    <ClCompile Include="LightingPass.cpp">
      <Filter>Source Files</Filter>
    </ClCompile>
    <ClCompile Include="GeometryPass.cpp">
      <Filter>Source Files</Filter>
    </ClCompile>
    <ClCompile Include="Mesh.cpp">
      <Filter>Source Files</Filter>
    </ClCompile>
  </ItemGroup>
  <ItemGroup>
    <ClInclude Include="VkUtils.h">
      <Filter>Header Files</Filter>
    </ClInclude>
    <ClInclude Include="Camera.h">
      <Filter>Header Files</Filter>
    </ClInclude>
    <ClInclude Include="Config.h">
      <Filter>Header Files</Filter>
    </ClInclude>
    <ClInclude Include="GBuffer.h">
      <Filter>Header Files</Filter>
    </ClInclude>
    <ClInclude Include="ShadowPass.h">
      <Filter>Header Files</Filter>
    </ClInclude>
    <ClInclude Include="MathUtils.h">
      <Filter>Header Files</Filter>
    </ClInclude>
    <ClInclude Include="Scene.h">
      <Filter>Header Files</Filter>
    </ClInclude>
    <ClInclude Include="Texture.h">
      <Filter>Header Files</Filter>
    </ClInclude>
    <ClInclude Include="VkEngine.h">
      <Filter>Header Files</Filter>
    </ClInclude>
    <ClInclude Include="VkWrap.h">
      <Filter>Header Files</Filter>
    </ClInclude>
    <ClInclude Include="Vertex.h">
      <Filter>Header Files</Filter>
    </ClInclude>
    <ClInclude Include="VkPool.h">
      <Filter>Header Files</Filter>
    </ClInclude>
    <ClInclude Include="Pass.h">
      <Filter>Header Files</Filter>
    </ClInclude>
    <ClInclude Include="Quad.h">
      <Filter>Header Files</Filter>
    </ClInclude>
    <ClInclude Include="GfxPipeline.h">
      <Filter>Header Files</Filter>
    </ClInclude>
    <ClInclude Include="LightingPass.h">
      <Filter>Header Files</Filter>
    </ClInclude>
    <ClInclude Include="GeometryPass.h">
      <Filter>Header Files</Filter>
    </ClInclude>
    <ClInclude Include="Light.h">
      <Filter>Header Files</Filter>
    </ClInclude>
    <ClInclude Include="Material.h">
      <Filter>Header Files</Filter>
    </ClInclude>
    <ClInclude Include="Mesh.h">
      <Filter>Header Files</Filter>
    </ClInclude>
  </ItemGroup>
  <ItemGroup>
    <None Include="compileShaders.bat">
      <Filter>SPIR-V</Filter>
    </None>
    <None Include="shaders\lighting\shader.frag">
      <Filter>Source Files\shaders\lighting</Filter>
    </None>
    <None Include="shaders\lighting\shader.vert">
      <Filter>Source Files\shaders\lighting</Filter>
    </None>
    <None Include="shaders\geometry\shader.frag">
      <Filter>Source Files\shaders\geometry</Filter>
    </None>
    <None Include="shaders\geometry\shader.vert">
      <Filter>Source Files\shaders\geometry</Filter>
    </None>
  </ItemGroup>
</Project>